
﻿
Microsoft Visual Studio Solution File, Format Version 12.00
# Visual Studio Version 17
VisualStudioVersion = 17.14.36119.2 d17.14
MinimumVisualStudioVersion = 10.0.40219.1
Project("{FAE04EC0-301F-11D3-BF4B-00C04F79EFBC}") = "VentasAPP", "VentasAPP.csproj", "{99CEAB18-1BD8-4637-A8AD-F6C0716501F6}"
EndProject
Global
	GlobalSection(SolutionConfigurationPlatforms) = preSolution
		Debug|Any CPU = Debug|Any CPU
		Release|Any CPU = Release|Any CPU
	EndGlobalSection
	GlobalSection(ProjectConfigurationPlatforms) = postSolution
		{99CEAB18-1BD8-4637-A8AD-F6C0716501F6}.Debug|Any CPU.ActiveCfg = Debug|Any CPU
		{99CEAB18-1BD8-4637-A8AD-F6C0716501F6}.Debug|Any CPU.Build.0 = Debug|Any CPU
		{99CEAB18-1BD8-4637-A8AD-F6C0716501F6}.Release|Any CPU.ActiveCfg = Release|Any CPU
		{99CEAB18-1BD8-4637-A8AD-F6C0716501F6}.Release|Any CPU.Build.0 = Release|Any CPU
	EndGlobalSection
	GlobalSection(SolutionProperties) = preSolution
		HideSolutionNode = FALSE
	EndGlobalSection
	GlobalSection(ExtensibilityGlobals) = postSolution
		SolutionGuid = {006D660D-1CE2-487E-9F17-23FB79288E0C}
	EndGlobalSection
EndGlobal

﻿
Microsoft Visual Studio Solution File, Format Version 12.00
# Visual Studio Version 17
VisualStudioVersion = 17.14.36119.2 d17.14
MinimumVisualStudioVersion = 10.0.40219.1
Project("{FAE04EC0-301F-11D3-BF4B-00C04F79EFBC}") = "VentasAPP", "VentasAPP.csproj", "{99CEAB18-1BD8-4637-A8AD-F6C0716501F6}"
EndProject
Global
	GlobalSection(SolutionConfigurationPlatforms) = preSolution
		Debug|Any CPU = Debug|Any CPU
		Release|Any CPU = Release|Any CPU
	EndGlobalSection
	GlobalSection(ProjectConfigurationPlatforms) = postSolution
		{99CEAB18-1BD8-4637-A8AD-F6C0716501F6}.Debug|Any CPU.ActiveCfg = Debug|Any CPU
		{99CEAB18-1BD8-4637-A8AD-F6C0716501F6}.Debug|Any CPU.Build.0 = Debug|Any CPU
		{99CEAB18-1BD8-4637-A8AD-F6C0716501F6}.Release|Any CPU.ActiveCfg = Release|Any CPU
		{99CEAB18-1BD8-4637-A8AD-F6C0716501F6}.Release|Any CPU.Build.0 = Release|Any CPU
	EndGlobalSection
	GlobalSection(SolutionProperties) = preSolution
		HideSolutionNode = FALSE
	EndGlobalSection
	GlobalSection(ExtensibilityGlobals) = postSolution
		SolutionGuid = {006D660D-1CE2-487E-9F17-23FB79288E0C}
	EndGlobalSection
EndGlobal
